
Microsoft Visual Studio Solution File, Format Version 12.00
# Visual Studio Version 16
VisualStudioVersion = 16.0.30711.63
MinimumVisualStudioVersion = 10.0.40219.1
Project("{9A19103F-16F7-4668-BE54-9A1E7A4F7556}") = "dotnet-sdk", "client-sdk\dotnet-sdk.csproj", "{051C11D6-1AF8-4D45-B4E3-D8CBE86B2949}"
EndProject
Global
	GlobalSection(SolutionConfigurationPlatforms) = preSolution
		Debug|Any CPU = Debug|Any CPU
		Release|Any CPU = Release|Any CPU
	EndGlobalSection
	GlobalSection(ProjectConfigurationPlatforms) = postSolution
		{051C11D6-1AF8-4D45-B4E3-D8CBE86B2949}.Debug|Any CPU.ActiveCfg = Debug|Any CPU
		{051C11D6-1AF8-4D45-B4E3-D8CBE86B2949}.Debug|Any CPU.Build.0 = Debug|Any CPU
		{051C11D6-1AF8-4D45-B4E3-D8CBE86B2949}.Release|Any CPU.ActiveCfg = Release|Any CPU
		{051C11D6-1AF8-4D45-B4E3-D8CBE86B2949}.Release|Any CPU.Build.0 = Release|Any CPU
	EndGlobalSection
	GlobalSection(SolutionProperties) = preSolution
		HideSolutionNode = FALSE
	EndGlobalSection
	GlobalSection(ExtensibilityGlobals) = postSolution
		SolutionGuid = {935CA20A-F31D-4E8D-9E8A-F453BD689276}
	EndGlobalSection
EndGlobal
